
Microsoft Visual Studio Solution File, Format Version 12.00
# Visual Studio 14
VisualStudioVersion = 14.0.25420.1
MinimumVisualStudioVersion = 10.0.40219.1
Project("{FAE04EC0-301F-11D3-BF4B-00C04F79EFBC}") = "TinCan.xAPIWrapper.iOS", "TinCan.xAPIWrapper.iOS\TinCan.xAPIWrapper.iOS.csproj", "{DBE1E314-A9B8-4758-9157-6231F902BBE0}"
EndProject
Project("{FAE04EC0-301F-11D3-BF4B-00C04F79EFBC}") = "TinCan.xAPIWrapper", "..\..\..\src\xAPIWrapper\xAPIWrapper\TinCan.xAPIWrapper.csproj", "{4B989939-4D31-49A4-8525-64D00E8C0AB4}"
EndProject
Project("{FAE04EC0-301F-11D3-BF4B-00C04F79EFBC}") = "TinCan.Standard", "..\..\..\src\TinCan.Standard\TinCan.Standard.csproj", "{E391BCE1-0748-4660-B8A6-3F94476322E2}"
EndProject
Global
	GlobalSection(SolutionConfigurationPlatforms) = preSolution
		Ad-Hoc|Any CPU = Ad-Hoc|Any CPU
		Ad-Hoc|iPhone = Ad-Hoc|iPhone
		Ad-Hoc|iPhoneSimulator = Ad-Hoc|iPhoneSimulator
		AppStore|Any CPU = AppStore|Any CPU
		AppStore|iPhone = AppStore|iPhone
		AppStore|iPhoneSimulator = AppStore|iPhoneSimulator
		Debug|Any CPU = Debug|Any CPU
		Debug|iPhone = Debug|iPhone
		Debug|iPhoneSimulator = Debug|iPhoneSimulator
		Release|Any CPU = Release|Any CPU
		Release|iPhone = Release|iPhone
		Release|iPhoneSimulator = Release|iPhoneSimulator
	EndGlobalSection
	GlobalSection(ProjectConfigurationPlatforms) = postSolution
		{DBE1E314-A9B8-4758-9157-6231F902BBE0}.Ad-Hoc|Any CPU.ActiveCfg = Ad-Hoc|iPhone
		{DBE1E314-A9B8-4758-9157-6231F902BBE0}.Ad-Hoc|iPhone.ActiveCfg = Ad-Hoc|iPhone
		{DBE1E314-A9B8-4758-9157-6231F902BBE0}.Ad-Hoc|iPhone.Build.0 = Ad-Hoc|iPhone
		{DBE1E314-A9B8-4758-9157-6231F902BBE0}.Ad-Hoc|iPhoneSimulator.ActiveCfg = Ad-Hoc|iPhoneSimulator
		{DBE1E314-A9B8-4758-9157-6231F902BBE0}.Ad-Hoc|iPhoneSimulator.Build.0 = Ad-Hoc|iPhoneSimulator
		{DBE1E314-A9B8-4758-9157-6231F902BBE0}.AppStore|Any CPU.ActiveCfg = AppStore|iPhone
		{DBE1E314-A9B8-4758-9157-6231F902BBE0}.AppStore|iPhone.ActiveCfg = AppStore|iPhone
		{DBE1E314-A9B8-4758-9157-6231F902BBE0}.AppStore|iPhone.Build.0 = AppStore|iPhone
		{DBE1E314-A9B8-4758-9157-6231F902BBE0}.AppStore|iPhoneSimulator.ActiveCfg = AppStore|iPhoneSimulator
		{DBE1E314-A9B8-4758-9157-6231F902BBE0}.AppStore|iPhoneSimulator.Build.0 = AppStore|iPhoneSimulator
		{DBE1E314-A9B8-4758-9157-6231F902BBE0}.Debug|Any CPU.ActiveCfg = Debug|iPhone
		{DBE1E314-A9B8-4758-9157-6231F902BBE0}.Debug|iPhone.ActiveCfg = Debug|iPhone
		{DBE1E314-A9B8-4758-9157-6231F902BBE0}.Debug|iPhone.Build.0 = Debug|iPhone
		{DBE1E314-A9B8-4758-9157-6231F902BBE0}.Debug|iPhoneSimulator.ActiveCfg = Debug|iPhoneSimulator
		{DBE1E314-A9B8-4758-9157-6231F902BBE0}.Debug|iPhoneSimulator.Build.0 = Debug|iPhoneSimulator
		{DBE1E314-A9B8-4758-9157-6231F902BBE0}.Release|Any CPU.ActiveCfg = Release|iPhone
		{DBE1E314-A9B8-4758-9157-6231F902BBE0}.Release|iPhone.ActiveCfg = Release|iPhone
		{DBE1E314-A9B8-4758-9157-6231F902BBE0}.Release|iPhone.Build.0 = Release|iPhone
		{DBE1E314-A9B8-4758-9157-6231F902BBE0}.Release|iPhoneSimulator.ActiveCfg = Release|iPhoneSimulator
		{DBE1E314-A9B8-4758-9157-6231F902BBE0}.Release|iPhoneSimulator.Build.0 = Release|iPhoneSimulator
		{4B989939-4D31-49A4-8525-64D00E8C0AB4}.Ad-Hoc|Any CPU.ActiveCfg = Release|Any CPU
		{4B989939-4D31-49A4-8525-64D00E8C0AB4}.Ad-Hoc|Any CPU.Build.0 = Release|Any CPU
		{4B989939-4D31-49A4-8525-64D00E8C0AB4}.Ad-Hoc|iPhone.ActiveCfg = Release|Any CPU
		{4B989939-4D31-49A4-8525-64D00E8C0AB4}.Ad-Hoc|iPhone.Build.0 = Release|Any CPU
		{4B989939-4D31-49A4-8525-64D00E8C0AB4}.Ad-Hoc|iPhoneSimulator.ActiveCfg = Release|Any CPU
		{4B989939-4D31-49A4-8525-64D00E8C0AB4}.Ad-Hoc|iPhoneSimulator.Build.0 = Release|Any CPU
		{4B989939-4D31-49A4-8525-64D00E8C0AB4}.AppStore|Any CPU.ActiveCfg = Release|Any CPU
		{4B989939-4D31-49A4-8525-64D00E8C0AB4}.AppStore|Any CPU.Build.0 = Release|Any CPU
		{4B989939-4D31-49A4-8525-64D00E8C0AB4}.AppStore|iPhone.ActiveCfg = Release|Any CPU
		{4B989939-4D31-49A4-8525-64D00E8C0AB4}.AppStore|iPhone.Build.0 = Release|Any CPU
		{4B989939-4D31-49A4-8525-64D00E8C0AB4}.AppStore|iPhoneSimulator.ActiveCfg = Release|Any CPU
		{4B989939-4D31-49A4-8525-64D00E8C0AB4}.AppStore|iPhoneSimulator.Build.0 = Release|Any CPU
		{4B989939-4D31-49A4-8525-64D00E8C0AB4}.Debug|Any CPU.ActiveCfg = Debug|Any CPU
		{4B989939-4D31-49A4-8525-64D00E8C0AB4}.Debug|Any CPU.Build.0 = Debug|Any CPU
		{4B989939-4D31-49A4-8525-64D00E8C0AB4}.Debug|iPhone.ActiveCfg = Debug|Any CPU
		{4B989939-4D31-49A4-8525-64D00E8C0AB4}.Debug|iPhone.Build.0 = Debug|Any CPU
		{4B989939-4D31-49A4-8525-64D00E8C0AB4}.Debug|iPhoneSimulator.ActiveCfg = Debug|Any CPU
		{4B989939-4D31-49A4-8525-64D00E8C0AB4}.Debug|iPhoneSimulator.Build.0 = Debug|Any CPU
		{4B989939-4D31-49A4-8525-64D00E8C0AB4}.Release|Any CPU.ActiveCfg = Release|Any CPU
		{4B989939-4D31-49A4-8525-64D00E8C0AB4}.Release|Any CPU.Build.0 = Release|Any CPU
		{4B989939-4D31-49A4-8525-64D00E8C0AB4}.Release|iPhone.ActiveCfg = Release|Any CPU
		{4B989939-4D31-49A4-8525-64D00E8C0AB4}.Release|iPhone.Build.0 = Release|Any CPU
		{4B989939-4D31-49A4-8525-64D00E8C0AB4}.Release|iPhoneSimulator.ActiveCfg = Release|Any CPU
		{4B989939-4D31-49A4-8525-64D00E8C0AB4}.Release|iPhoneSimulator.Build.0 = Release|Any CPU
		{E391BCE1-0748-4660-B8A6-3F94476322E2}.Ad-Hoc|Any CPU.ActiveCfg = Release|Any CPU
		{E391BCE1-0748-4660-B8A6-3F94476322E2}.Ad-Hoc|Any CPU.Build.0 = Release|Any CPU
		{E391BCE1-0748-4660-B8A6-3F94476322E2}.Ad-Hoc|iPhone.ActiveCfg = Release|Any CPU
		{E391BCE1-0748-4660-B8A6-3F94476322E2}.Ad-Hoc|iPhone.Build.0 = Release|Any CPU
		{E391BCE1-0748-4660-B8A6-3F94476322E2}.Ad-Hoc|iPhoneSimulator.ActiveCfg = Release|Any CPU
		{E391BCE1-0748-4660-B8A6-3F94476322E2}.Ad-Hoc|iPhoneSimulator.Build.0 = Release|Any CPU
		{E391BCE1-0748-4660-B8A6-3F94476322E2}.AppStore|Any CPU.ActiveCfg = Release|Any CPU
		{E391BCE1-0748-4660-B8A6-3F94476322E2}.AppStore|Any CPU.Build.0 = Release|Any CPU
		{E391BCE1-0748-4660-B8A6-3F94476322E2}.AppStore|iPhone.ActiveCfg = Release|Any CPU
		{E391BCE1-0748-4660-B8A6-3F94476322E2}.AppStore|iPhone.Build.0 = Release|Any CPU
		{E391BCE1-0748-4660-B8A6-3F94476322E2}.AppStore|iPhoneSimulator.ActiveCfg = Release|Any CPU
		{E391BCE1-0748-4660-B8A6-3F94476322E2}.AppStore|iPhoneSimulator.Build.0 = Release|Any CPU
		{E391BCE1-0748-4660-B8A6-3F94476322E2}.Debug|Any CPU.ActiveCfg = Debug|Any CPU
		{E391BCE1-0748-4660-B8A6-3F94476322E2}.Debug|Any CPU.Build.0 = Debug|Any CPU
		{E391BCE1-0748-4660-B8A6-3F94476322E2}.Debug|iPhone.ActiveCfg = Debug|Any CPU
		{E391BCE1-0748-4660-B8A6-3F94476322E2}.Debug|iPhone.Build.0 = Debug|Any CPU
		{E391BCE1-0748-4660-B8A6-3F94476322E2}.Debug|iPhoneSimulator.ActiveCfg = Debug|Any CPU
		{E391BCE1-0748-4660-B8A6-3F94476322E2}.Debug|iPhoneSimulator.Build.0 = Debug|Any CPU
		{E391BCE1-0748-4660-B8A6-3F94476322E2}.Release|Any CPU.ActiveCfg = Release|Any CPU
		{E391BCE1-0748-4660-B8A6-3F94476322E2}.Release|Any CPU.Build.0 = Release|Any CPU
		{E391BCE1-0748-4660-B8A6-3F94476322E2}.Release|iPhone.ActiveCfg = Release|Any CPU
		{E391BCE1-0748-4660-B8A6-3F94476322E2}.Release|iPhone.Build.0 = Release|Any CPU
		{E391BCE1-0748-4660-B8A6-3F94476322E2}.Release|iPhoneSimulator.ActiveCfg = Release|Any CPU
		{E391BCE1-0748-4660-B8A6-3F94476322E2}.Release|iPhoneSimulator.Build.0 = Release|Any CPU
	EndGlobalSection
	GlobalSection(SolutionProperties) = preSolution
		HideSolutionNode = FALSE
	EndGlobalSection
EndGlobal
